// !$*UTF8*$!
{
	archiveVersion = 1;
	classes = {
	};
	objectVersion = 50;
	objects = {

/* Begin PBXBuildFile section */
		AF003691229ED4BA0026DFC5 /* AppDelegate.swift in Sources */ = {isa = PBXBuildFile; fileRef = AF003690229ED4BA0026DFC5 /* AppDelegate.swift */; };
		AF003693229ED4BA0026DFC5 /* ViewController.swift in Sources */ = {isa = PBXBuildFile; fileRef = AF003692229ED4BA0026DFC5 /* ViewController.swift */; };
		AF003696229ED4BA0026DFC5 /* Main.storyboard in Resources */ = {isa = PBXBuildFile; fileRef = AF003694229ED4BA0026DFC5 /* Main.storyboard */; };
		AF003698229ED4BB0026DFC5 /* Assets.xcassets in Resources */ = {isa = PBXBuildFile; fileRef = AF003697229ED4BB0026DFC5 /* Assets.xcassets */; };
		AF00369B229ED4BB0026DFC5 /* LaunchScreen.storyboard in Resources */ = {isa = PBXBuildFile; fileRef = AF003699229ED4BB0026DFC5 /* LaunchScreen.storyboard */; };
		AF0036A6229ED4BB0026DFC5 /* ApiCallProductTests.swift in Sources */ = {isa = PBXBuildFile; fileRef = AF0036A5229ED4BB0026DFC5 /* ApiCallProductTests.swift */; };
		AF0036B1229ED4BB0026DFC5 /* ApiCallProductUITests.swift in Sources */ = {isa = PBXBuildFile; fileRef = AF0036B0229ED4BB0026DFC5 /* ApiCallProductUITests.swift */; };
/* End PBXBuildFile section */

/* Begin PBXContainerItemProxy section */
		AF0036A2229ED4BB0026DFC5 /* PBXContainerItemProxy */ = {
			isa = PBXContainerItemProxy;
			containerPortal = AF003685229ED4BA0026DFC5 /* Project object */;
			proxyType = 1;
			remoteGlobalIDString = AF00368C229ED4BA0026DFC5;
			remoteInfo = ApiCallProduct;
		};
		AF0036AD229ED4BB0026DFC5 /* PBXContainerItemProxy */ = {
			isa = PBXContainerItemProxy;
			containerPortal = AF003685229ED4BA0026DFC5 /* Project object */;
			proxyType = 1;
			remoteGlobalIDString = AF00368C229ED4BA0026DFC5;
			remoteInfo = ApiCallProduct;
		};
/* End PBXContainerItemProxy section */

/* Begin PBXFileReference section */
		AF00368D229ED4BA0026DFC5 /* ApiCallProduct.app */ = {isa = PBXFileReference; explicitFileType = wrapper.application; includeInIndex = 0; path = ApiCallProduct.app; sourceTree = BUILT_PRODUCTS_DIR; };
		AF003690229ED4BA0026DFC5 /* AppDelegate.swift */ = {isa = PBXFileReference; lastKnownFileType = sourcecode.swift; path = AppDelegate.swift; sourceTree = "<group>"; };
		AF003692229ED4BA0026DFC5 /* ViewController.swift */ = {isa = PBXFileReference; lastKnownFileType = sourcecode.swift; path = ViewController.swift; sourceTree = "<group>"; };
		AF003695229ED4BA0026DFC5 /* Base */ = {isa = PBXFileReference; lastKnownFileType = file.storyboard; name = Base; path = Base.lproj/Main.storyboard; sourceTree = "<group>"; };
		AF003697229ED4BB0026DFC5 /* Assets.xcassets */ = {isa = PBXFileReference; lastKnownFileType = folder.assetcatalog; path = Assets.xcassets; sourceTree = "<group>"; };
		AF00369A229ED4BB0026DFC5 /* Base */ = {isa = PBXFileReference; lastKnownFileType = file.storyboard; name = Base; path = Base.lproj/LaunchScreen.storyboard; sourceTree = "<group>"; };
		AF00369C229ED4BB0026DFC5 /* Info.plist */ = {isa = PBXFileReference; lastKnownFileType = text.plist.xml; path = Info.plist; sourceTree = "<group>"; };
		AF0036A1229ED4BB0026DFC5 /* ApiCallProductTests.xctest */ = {isa = PBXFileReference; explicitFileType = wrapper.cfbundle; includeInIndex = 0; path = ApiCallProductTests.xctest; sourceTree = BUILT_PRODUCTS_DIR; };
		AF0036A5229ED4BB0026DFC5 /* ApiCallProductTests.swift */ = {isa = PBXFileReference; lastKnownFileType = sourcecode.swift; path = ApiCallProductTests.swift; sourceTree = "<group>"; };
		AF0036A7229ED4BB0026DFC5 /* Info.plist */ = {isa = PBXFileReference; lastKnownFileType = text.plist.xml; path = Info.plist; sourceTree = "<group>"; };
		AF0036AC229ED4BB0026DFC5 /* ApiCallProductUITests.xctest */ = {isa = PBXFileReference; explicitFileType = wrapper.cfbundle; includeInIndex = 0; path = ApiCallProductUITests.xctest; sourceTree = BUILT_PRODUCTS_DIR; };
		AF0036B0229ED4BB0026DFC5 /* ApiCallProductUITests.swift */ = {isa = PBXFileReference; lastKnownFileType = sourcecode.swift; path = ApiCallProductUITests.swift; sourceTree = "<group>"; };
		AF0036B2229ED4BB0026DFC5 /* Info.plist */ = {isa = PBXFileReference; lastKnownFileType = text.plist.xml; path = Info.plist; sourceTree = "<group>"; };
/* End PBXFileReference section */

/* Begin PBXFrameworksBuildPhase section */
		AF00368A229ED4BA0026DFC5 /* Frameworks */ = {
			isa = PBXFrameworksBuildPhase;
			buildActionMask = 2147483647;
			files = (
			);
			runOnlyForDeploymentPostprocessing = 0;
		};
		AF00369E229ED4BB0026DFC5 /* Frameworks */ = {
			isa = PBXFrameworksBuildPhase;
			buildActionMask = 2147483647;
			files = (
			);
			runOnlyForDeploymentPostprocessing = 0;
		};
		AF0036A9229ED4BB0026DFC5 /* Frameworks */ = {
			isa = PBXFrameworksBuildPhase;
			buildActionMask = 2147483647;
			files = (
			);
			runOnlyForDeploymentPostprocessing = 0;
		};
/* End PBXFrameworksBuildPhase section */

/* Begin PBXGroup section */
		AF003684229ED4BA0026DFC5 = {
			isa = PBXGroup;
			children = (
				AF00368F229ED4BA0026DFC5 /* ApiCallProduct */,
				AF0036A4229ED4BB0026DFC5 /* ApiCallProductTests */,
				AF0036AF229ED4BB0026DFC5 /* ApiCallProductUITests */,
				AF00368E229ED4BA0026DFC5 /* Products */,
			);
			sourceTree = "<group>";
		};
		AF00368E229ED4BA0026DFC5 /* Products */ = {
			isa = PBXGroup;
			children = (
				AF00368D229ED4BA0026DFC5 /* ApiCallProduct.app */,
				AF0036A1229ED4BB0026DFC5 /* ApiCallProductTests.xctest */,
				AF0036AC229ED4BB0026DFC5 /* ApiCallProductUITests.xctest */,
			);
			name = Products;
			sourceTree = "<group>";
		};
		AF00368F229ED4BA0026DFC5 /* ApiCallProduct */ = {
			isa = PBXGroup;
			children = (
				AF003690229ED4BA0026DFC5 /* AppDelegate.swift */,
				AF003692229ED4BA0026DFC5 /* ViewController.swift */,
				AF003694229ED4BA0026DFC5 /* Main.storyboard */,
				AF003697229ED4BB0026DFC5 /* Assets.xcassets */,
				AF003699229ED4BB0026DFC5 /* LaunchScreen.storyboard */,
				AF00369C229ED4BB0026DFC5 /* Info.plist */,
			);
			path = ApiCallProduct;
			sourceTree = "<group>";
		};
		AF0036A4229ED4BB0026DFC5 /* ApiCallProductTests */ = {
			isa = PBXGroup;
			children = (
				AF0036A5229ED4BB0026DFC5 /* ApiCallProductTests.swift */,
				AF0036A7229ED4BB0026DFC5 /* Info.plist */,
			);
			path = ApiCallProductTests;
			sourceTree = "<group>";
		};
		AF0036AF229ED4BB0026DFC5 /* ApiCallProductUITests */ = {
			isa = PBXGroup;
			children = (
				AF0036B0229ED4BB0026DFC5 /* ApiCallProductUITests.swift */,
				AF0036B2229ED4BB0026DFC5 /* Info.plist */,
			);
			path = ApiCallProductUITests;
			sourceTree = "<group>";
		};
/* End PBXGroup section */

/* Begin PBXNativeTarget section */
		AF00368C229ED4BA0026DFC5 /* ApiCallProduct */ = {
			isa = PBXNativeTarget;
			buildConfigurationList = AF0036B5229ED4BB0026DFC5 /* Build configuration list for PBXNativeTarget "ApiCallProduct" */;
			buildPhases = (
				AF003689229ED4BA0026DFC5 /* Sources */,
				AF00368A229ED4BA0026DFC5 /* Frameworks */,
				AF00368B229ED4BA0026DFC5 /* Resources */,
			);
			buildRules = (
			);
			dependencies = (
			);
			name = ApiCallProduct;
			productName = ApiCallProduct;
			productReference = AF00368D229ED4BA0026DFC5 /* ApiCallProduct.app */;
			productType = "com.apple.product-type.application";
		};
		AF0036A0229ED4BB0026DFC5 /* ApiCallProductTests */ = {
			isa = PBXNativeTarget;
			buildConfigurationList = AF0036B8229ED4BB0026DFC5 /* Build configuration list for PBXNativeTarget "ApiCallProductTests" */;
			buildPhases = (
				AF00369D229ED4BB0026DFC5 /* Sources */,
				AF00369E229ED4BB0026DFC5 /* Frameworks */,
				AF00369F229ED4BB0026DFC5 /* Resources */,
			);
			buildRules = (
			);
			dependencies = (
				AF0036A3229ED4BB0026DFC5 /* PBXTargetDependency */,
			);
			name = ApiCallProductTests;
			productName = ApiCallProductTests;
			productReference = AF0036A1229ED4BB0026DFC5 /* ApiCallProductTests.xctest */;
			productType = "com.apple.product-type.bundle.unit-test";
		};
		AF0036AB229ED4BB0026DFC5 /* ApiCallProductUITests */ = {
			isa = PBXNativeTarget;
			buildConfigurationList = AF0036BB229ED4BB0026DFC5 /* Build configuration list for PBXNativeTarget "ApiCallProductUITests" */;
			buildPhases = (
				AF0036A8229ED4BB0026DFC5 /* Sources */,
				AF0036A9229ED4BB0026DFC5 /* Frameworks */,
				AF0036AA229ED4BB0026DFC5 /* Resources */,
			);
			buildRules = (
			);
			dependencies = (
				AF0036AE229ED4BB0026DFC5 /* PBXTargetDependency */,
			);
			name = ApiCallProductUITests;
			productName = ApiCallProductUITests;
			productReference = AF0036AC229ED4BB0026DFC5 /* ApiCallProductUITests.xctest */;
			productType = "com.apple.product-type.bundle.ui-testing";
		};
/* End PBXNativeTarget section */

/* Begin PBXProject section */
		AF003685229ED4BA0026DFC5 /* Project object */ = {
			isa = PBXProject;
			attributes = {
				LastSwiftUpdateCheck = 1010;
				LastUpgradeCheck = 1010;
				ORGANIZATIONNAME = "Jean Canales";
				TargetAttributes = {
					AF00368C229ED4BA0026DFC5 = {
						CreatedOnToolsVersion = 10.1;
					};
					AF0036A0229ED4BB0026DFC5 = {
						CreatedOnToolsVersion = 10.1;
						TestTargetID = AF00368C229ED4BA0026DFC5;
					};
					AF0036AB229ED4BB0026DFC5 = {
						CreatedOnToolsVersion = 10.1;
						TestTargetID = AF00368C229ED4BA0026DFC5;
					};
				};
			};
			buildConfigurationList = AF003688229ED4BA0026DFC5 /* Build configuration list for PBXProject "ApiCallProduct" */;
			compatibilityVersion = "Xcode 9.3";
			developmentRegion = en;
			hasScannedForEncodings = 0;
			knownRegions = (
				en,
				Base,
			);
			mainGroup = AF003684229ED4BA0026DFC5;
			productRefGroup = AF00368E229ED4BA0026DFC5 /* Products */;
			projectDirPath = "";
			projectRoot = "";
			targets = (
				AF00368C229ED4BA0026DFC5 /* ApiCallProduct */,
				AF0036A0229ED4BB0026DFC5 /* ApiCallProductTests */,
				AF0036AB229ED4BB0026DFC5 /* ApiCallProductUITests */,
			);
		};
/* End PBXProject section */

/* Begin PBXResourcesBuildPhase section */
		AF00368B229ED4BA0026DFC5 /* Resources */ = {
			isa = PBXResourcesBuildPhase;
			buildActionMask = 2147483647;
			files = (
				AF00369B229ED4BB0026DFC5 /* LaunchScreen.storyboard in Resources */,
				AF003698229ED4BB0026DFC5 /* Assets.xcassets in Resources */,
				AF003696229ED4BA0026DFC5 /* Main.storyboard in Resources */,
			);
			runOnlyForDeploymentPostprocessing = 0;
		};
		AF00369F229ED4BB0026DFC5 /* Resources */ = {
			isa = PBXResourcesBuildPhase;
			buildActionMask = 2147483647;
			files = (
			);
			runOnlyForDeploymentPostprocessing = 0;
		};
		AF0036AA229ED4BB0026DFC5 /* Resources */ = {
			isa = PBXResourcesBuildPhase;
			buildActionMask = 2147483647;
			files = (
			);
			runOnlyForDeploymentPostprocessing = 0;
		};
/* End PBXResourcesBuildPhase section */

/* Begin PBXSourcesBuildPhase section */
		AF003689229ED4BA0026DFC5 /* Sources */ = {
			isa = PBXSourcesBuildPhase;
			buildActionMask = 2147483647;
			files = (
				AF003693229ED4BA0026DFC5 /* ViewController.swift in Sources */,
				AF003691229ED4BA0026DFC5 /* AppDelegate.swift in Sources */,
			);
			runOnlyForDeploymentPostprocessing = 0;
		};
		AF00369D229ED4BB0026DFC5 /* Sources */ = {
			isa = PBXSourcesBuildPhase;
			buildActionMask = 2147483647;
			files = (
				AF0036A6229ED4BB0026DFC5 /* ApiCallProductTests.swift in Sources */,
			);
			runOnlyForDeploymentPostprocessing = 0;
		};
		AF0036A8229ED4BB0026DFC5 /* Sources */ = {
			isa = PBXSourcesBuildPhase;
			buildActionMask = 2147483647;
			files = (
				AF0036B1229ED4BB0026DFC5 /* ApiCallProductUITests.swift in Sources */,
			);
			runOnlyForDeploymentPostprocessing = 0;
		};
/* End PBXSourcesBuildPhase section */

/* Begin PBXTargetDependency section */
		AF0036A3229ED4BB0026DFC5 /* PBXTargetDependency */ = {
			isa = PBXTargetDependency;
			target = AF00368C229ED4BA0026DFC5 /* ApiCallProduct */;
			targetProxy = AF0036A2229ED4BB0026DFC5 /* PBXContainerItemProxy */;
		};
		AF0036AE229ED4BB0026DFC5 /* PBXTargetDependency */ = {
			isa = PBXTargetDependency;
			target = AF00368C229ED4BA0026DFC5 /* ApiCallProduct */;
			targetProxy = AF0036AD229ED4BB0026DFC5 /* PBXContainerItemProxy */;
		};
/* End PBXTargetDependency section */

/* Begin PBXVariantGroup section */
		AF003694229ED4BA0026DFC5 /* Main.storyboard */ = {
			isa = PBXVariantGroup;
			children = (
				AF003695229ED4BA0026DFC5 /* Base */,
			);
			name = Main.storyboard;
			sourceTree = "<group>";
		};
		AF003699229ED4BB0026DFC5 /* LaunchScreen.storyboard */ = {
			isa = PBXVariantGroup;
			children = (
				AF00369A229ED4BB0026DFC5 /* Base */,
			);
			name = LaunchScreen.storyboard;
			sourceTree = "<group>";
		};
/* End PBXVariantGroup section */

/* Begin XCBuildConfiguration section */
		AF0036B3229ED4BB0026DFC5 /* Debug */ = {
			isa = XCBuildConfiguration;
			buildSettings = {
				ALWAYS_SEARCH_USER_PATHS = NO;
				CLANG_ANALYZER_NONNULL = YES;
				CLANG_ANALYZER_NUMBER_OBJECT_CONVERSION = YES_AGGRESSIVE;
				CLANG_CXX_LANGUAGE_STANDARD = "gnu++14";
				CLANG_CXX_LIBRARY = "libc++";
				CLANG_ENABLE_MODULES = YES;
				CLANG_ENABLE_OBJC_ARC = YES;
				CLANG_ENABLE_OBJC_WEAK = YES;
				CLANG_WARN_BLOCK_CAPTURE_AUTORELEASING = YES;
				CLANG_WARN_BOOL_CONVERSION = YES;
				CLANG_WARN_COMMA = YES;
				CLANG_WARN_CONSTANT_CONVERSION = YES;
				CLANG_WARN_DEPRECATED_OBJC_IMPLEMENTATIONS = YES;
				CLANG_WARN_DIRECT_OBJC_ISA_USAGE = YES_ERROR;
				CLANG_WARN_DOCUMENTATION_COMMENTS = YES;
				CLANG_WARN_EMPTY_BODY = YES;
				CLANG_WARN_ENUM_CONVERSION = YES;
				CLANG_WARN_INFINITE_RECURSION = YES;
				CLANG_WARN_INT_CONVERSION = YES;
				CLANG_WARN_NON_LITERAL_NULL_CONVERSION = YES;
				CLANG_WARN_OBJC_IMPLICIT_RETAIN_SELF = YES;
				CLANG_WARN_OBJC_LITERAL_CONVERSION = YES;
				CLANG_WARN_OBJC_ROOT_CLASS = YES_ERROR;
				CLANG_WARN_RANGE_LOOP_ANALYSIS = YES;
				CLANG_WARN_STRICT_PROTOTYPES = YES;
				CLANG_WARN_SUSPICIOUS_MOVE = YES;
				CLANG_WARN_UNGUARDED_AVAILABILITY = YES_AGGRESSIVE;
				CLANG_WARN_UNREACHABLE_CODE = YES;
				CLANG_WARN__DUPLICATE_METHOD_MATCH = YES;
				CODE_SIGN_IDENTITY = "iPhone Developer";
				COPY_PHASE_STRIP = NO;
				DEBUG_INFORMATION_FORMAT = dwarf;
				ENABLE_STRICT_OBJC_MSGSEND = YES;
				ENABLE_TESTABILITY = YES;
				GCC_C_LANGUAGE_STANDARD = gnu11;
				GCC_DYNAMIC_NO_PIC = NO;
				GCC_NO_COMMON_BLOCKS = YES;
				GCC_OPTIMIZATION_LEVEL = 0;
				GCC_PREPROCESSOR_DEFINITIONS = (
					"DEBUG=1",
					"$(inherited)",
				);
				GCC_WARN_64_TO_32_BIT_CONVERSION = YES;
				GCC_WARN_ABOUT_RETURN_TYPE = YES_ERROR;
				GCC_WARN_UNDECLARED_SELECTOR = YES;
				GCC_WARN_UNINITIALIZED_AUTOS = YES_AGGRESSIVE;
				GCC_WARN_UNUSED_FUNCTION = YES;
				GCC_WARN_UNUSED_VARIABLE = YES;
				IPHONEOS_DEPLOYMENT_TARGET = 12.1;
				MTL_ENABLE_DEBUG_INFO = INCLUDE_SOURCE;
				MTL_FAST_MATH = YES;
				ONLY_ACTIVE_ARCH = YES;
				SDKROOT = iphoneos;
				SWIFT_ACTIVE_COMPILATION_CONDITIONS = DEBUG;
				SWIFT_OPTIMIZATION_LEVEL = "-Onone";
			};
			name = Debug;
		};
		AF0036B4229ED4BB0026DFC5 /* Release */ = {
			isa = XCBuildConfiguration;
			buildSettings = {
				ALWAYS_SEARCH_USER_PATHS = NO;
				CLANG_ANALYZER_NONNULL = YES;
				CLANG_ANALYZER_NUMBER_OBJECT_CONVERSION = YES_AGGRESSIVE;
				CLANG_CXX_LANGUAGE_STANDARD = "gnu++14";
				CLANG_CXX_LIBRARY = "libc++";
				CLANG_ENABLE_MODULES = YES;
				CLANG_ENABLE_OBJC_ARC = YES;
				CLANG_ENABLE_OBJC_WEAK = YES;
				CLANG_WARN_BLOCK_CAPTURE_AUTORELEASING = YES;
				CLANG_WARN_BOOL_CONVERSION = YES;
				CLANG_WARN_COMMA = YES;
				CLANG_WARN_CONSTANT_CONVERSION = YES;
				CLANG_WARN_DEPRECATED_OBJC_IMPLEMENTATIONS = YES;
				CLANG_WARN_DIRECT_OBJC_ISA_USAGE = YES_ERROR;
				CLANG_WARN_DOCUMENTATION_COMMENTS = YES;
				CLANG_WARN_EMPTY_BODY = YES;
				CLANG_WARN_ENUM_CONVERSION = YES;
				CLANG_WARN_INFINITE_RECURSION = YES;
				CLANG_WARN_INT_CONVERSION = YES;
				CLANG_WARN_NON_LITERAL_NULL_CONVERSION = YES;
				CLANG_WARN_OBJC_IMPLICIT_RETAIN_SELF = YES;
				CLANG_WARN_OBJC_LITERAL_CONVERSION = YES;
				CLANG_WARN_OBJC_ROOT_CLASS = YES_ERROR;
				CLANG_WARN_RANGE_LOOP_ANALYSIS = YES;
				CLANG_WARN_STRICT_PROTOTYPES = YES;
				CLANG_WARN_SUSPICIOUS_MOVE = YES;
				CLANG_WARN_UNGUARDED_AVAILABILITY = YES_AGGRESSIVE;
				CLANG_WARN_UNREACHABLE_CODE = YES;
				CLANG_WARN__DUPLICATE_METHOD_MATCH = YES;
				CODE_SIGN_IDENTITY = "iPhone Developer";
				COPY_PHASE_STRIP = NO;
				DEBUG_INFORMATION_FORMAT = "dwarf-with-dsym";
				ENABLE_NS_ASSERTIONS = NO;
				ENABLE_STRICT_OBJC_MSGSEND = YES;
				GCC_C_LANGUAGE_STANDARD = gnu11;
				GCC_NO_COMMON_BLOCKS = YES;
				GCC_WARN_64_TO_32_BIT_CONVERSION = YES;
				GCC_WARN_ABOUT_RETURN_TYPE = YES_ERROR;
				GCC_WARN_UNDECLARED_SELECTOR = YES;
				GCC_WARN_UNINITIALIZED_AUTOS = YES_AGGRESSIVE;
				GCC_WARN_UNUSED_FUNCTION = YES;
				GCC_WARN_UNUSED_VARIABLE = YES;
				IPHONEOS_DEPLOYMENT_TARGET = 12.1;
				MTL_ENABLE_DEBUG_INFO = NO;
				MTL_FAST_MATH = YES;
				SDKROOT = iphoneos;
				SWIFT_COMPILATION_MODE = wholemodule;
				SWIFT_OPTIMIZATION_LEVEL = "-O";
				VALIDATE_PRODUCT = YES;
			};
			name = Release;
		};
		AF0036B6229ED4BB0026DFC5 /* Debug */ = {
			isa = XCBuildConfiguration;
			buildSettings = {
				ASSETCATALOG_COMPILER_APPICON_NAME = AppIcon;
				CODE_SIGN_STYLE = Automatic;
				INFOPLIST_FILE = ApiCallProduct/Info.plist;
				LD_RUNPATH_SEARCH_PATHS = (
					"$(inherited)",
					"@executable_path/Frameworks",
				);
				PRODUCT_BUNDLE_IDENTIFIER = TCO.ApiCallProduct;
				PRODUCT_NAME = "$(TARGET_NAME)";
				SWIFT_VERSION = 4.2;
				TARGETED_DEVICE_FAMILY = "1,2";
			};
			name = Debug;
		};
		AF0036B7229ED4BB0026DFC5 /* Release */ = {
			isa = XCBuildConfiguration;
			buildSettings = {
				ASSETCATALOG_COMPILER_APPICON_NAME = AppIcon;
				CODE_SIGN_STYLE = Automatic;
				INFOPLIST_FILE = ApiCallProduct/Info.plist;
				LD_RUNPATH_SEARCH_PATHS = (
					"$(inherited)",
					"@executable_path/Frameworks",
				);
				PRODUCT_BUNDLE_IDENTIFIER = TCO.ApiCallProduct;
				PRODUCT_NAME = "$(TARGET_NAME)";
				SWIFT_VERSION = 4.2;
				TARGETED_DEVICE_FAMILY = "1,2";
			};
			name = Release;
		};
		AF0036B9229ED4BB0026DFC5 /* Debug */ = {
			isa = XCBuildConfiguration;
			buildSettings = {
				ALWAYS_EMBED_SWIFT_STANDARD_LIBRARIES = YES;
				BUNDLE_LOADER = "$(TEST_HOST)";
				CODE_SIGN_STYLE = Automatic;
				INFOPLIST_FILE = ApiCallProductTests/Info.plist;
				LD_RUNPATH_SEARCH_PATHS = (
					"$(inherited)",
					"@executable_path/Frameworks",
					"@loader_path/Frameworks",
				);
				PRODUCT_BUNDLE_IDENTIFIER = TCO.ApiCallProductTests;
				PRODUCT_NAME = "$(TARGET_NAME)";
				SWIFT_VERSION = 4.2;
				TARGETED_DEVICE_FAMILY = "1,2";
				TEST_HOST = "$(BUILT_PRODUCTS_DIR)/ApiCallProduct.app/ApiCallProduct";
			};
			name = Debug;
		};
		AF0036BA229ED4BB0026DFC5 /* Release */ = {
			isa = XCBuildConfiguration;
			buildSettings = {
				ALWAYS_EMBED_SWIFT_STANDARD_LIBRARIES = YES;
				BUNDLE_LOADER = "$(TEST_HOST)";
				CODE_SIGN_STYLE = Automatic;
				INFOPLIST_FILE = ApiCallProductTests/Info.plist;
				LD_RUNPATH_SEARCH_PATHS = (
					"$(inherited)",
					"@executable_path/Frameworks",
					"@loader_path/Frameworks",
				);
				PRODUCT_BUNDLE_IDENTIFIER = TCO.ApiCallProductTests;
				PRODUCT_NAME = "$(TARGET_NAME)";
				SWIFT_VERSION = 4.2;
				TARGETED_DEVICE_FAMILY = "1,2";
				TEST_HOST = "$(BUILT_PRODUCTS_DIR)/ApiCallProduct.app/ApiCallProduct";
			};
			name = Release;
		};
		AF0036BC229ED4BB0026DFC5 /* Debug */ = {
			isa = XCBuildConfiguration;
			buildSettings = {
				ALWAYS_EMBED_SWIFT_STANDARD_LIBRARIES = YES;
				CODE_SIGN_STYLE = Automatic;
				INFOPLIST_FILE = ApiCallProductUITests/Info.plist;
				LD_RUNPATH_SEARCH_PATHS = (
					"$(inherited)",
					"@executable_path/Frameworks",
					"@loader_path/Frameworks",
				);
				PRODUCT_BUNDLE_IDENTIFIER = TCO.ApiCallProductUITests;
				PRODUCT_NAME = "$(TARGET_NAME)";
				SWIFT_VERSION = 4.2;
				TARGETED_DEVICE_FAMILY = "1,2";
				TEST_TARGET_NAME = ApiCallProduct;
			};
			name = Debug;
		};
		AF0036BD229ED4BB0026DFC5 /* Release */ = {
			isa = XCBuildConfiguration;
			buildSettings = {
				ALWAYS_EMBED_SWIFT_STANDARD_LIBRARIES = YES;
				CODE_SIGN_STYLE = Automatic;
				INFOPLIST_FILE = ApiCallProductUITests/Info.plist;
				LD_RUNPATH_SEARCH_PATHS = (
					"$(inherited)",
					"@executable_path/Frameworks",
					"@loader_path/Frameworks",
				);
				PRODUCT_BUNDLE_IDENTIFIER = TCO.ApiCallProductUITests;
				PRODUCT_NAME = "$(TARGET_NAME)";
				SWIFT_VERSION = 4.2;
				TARGETED_DEVICE_FAMILY = "1,2";
				TEST_TARGET_NAME = ApiCallProduct;
			};
			name = Release;
		};
/* End XCBuildConfiguration section */

/* Begin XCConfigurationList section */
		AF003688229ED4BA0026DFC5 /* Build configuration list for PBXProject "ApiCallProduct" */ = {
			isa = XCConfigurationList;
			buildConfigurations = (
				AF0036B3229ED4BB0026DFC5 /* Debug */,
				AF0036B4229ED4BB0026DFC5 /* Release */,
			);
			defaultConfigurationIsVisible = 0;
			defaultConfigurationName = Release;
		};
		AF0036B5229ED4BB0026DFC5 /* Build configuration list for PBXNativeTarget "ApiCallProduct" */ = {
			isa = XCConfigurationList;
			buildConfigurations = (
				AF0036B6229ED4BB0026DFC5 /* Debug */,
				AF0036B7229ED4BB0026DFC5 /* Release */,
			);
			defaultConfigurationIsVisible = 0;
			defaultConfigurationName = Release;
		};
		AF0036B8229ED4BB0026DFC5 /* Build configuration list for PBXNativeTarget "ApiCallProductTests" */ = {
			isa = XCConfigurationList;
			buildConfigurations = (
				AF0036B9229ED4BB0026DFC5 /* Debug */,
				AF0036BA229ED4BB0026DFC5 /* Release */,
			);
			defaultConfigurationIsVisible = 0;
			defaultConfigurationName = Release;
		};
		AF0036BB229ED4BB0026DFC5 /* Build configuration list for PBXNativeTarget "ApiCallProductUITests" */ = {
			isa = XCConfigurationList;
			buildConfigurations = (
				AF0036BC229ED4BB0026DFC5 /* Debug */,
				AF0036BD229ED4BB0026DFC5 /* Release */,
			);
			defaultConfigurationIsVisible = 0;
			defaultConfigurationName = Release;
		};
/* End XCConfigurationList section */
	};
	rootObject = AF003685229ED4BA0026DFC5 /* Project object */;
}
